
Microsoft Visual Studio Solution File, Format Version 12.00
# Visual Studio 15
VisualStudioVersion = 15.0.27004.2009
MinimumVisualStudioVersion = 10.0.40219.1
Project("{F184B08F-C81C-45F6-A57F-5ABD9991F28F}") = "MultithreadedControl", "MultithreadedControl.vbproj", "{88F3765B-0831-4323-A217-62D828BF4EEA}"
EndProject
Project("{F184B08F-C81C-45F6-A57F-5ABD9991F28F}") = "DistributePX", "..\BulkDistribute\DistributePX.vbproj", "{224E2A8B-4C40-4C33-85B8-CD434A57C96E}"
EndProject
Global
	GlobalSection(SolutionConfigurationPlatforms) = preSolution
		Debug|Any CPU = Debug|Any CPU
		Release|Any CPU = Release|Any CPU
	EndGlobalSection
	GlobalSection(ProjectConfigurationPlatforms) = postSolution
		{88F3765B-0831-4323-A217-62D828BF4EEA}.Debug|Any CPU.ActiveCfg = Debug|Any CPU
		{88F3765B-0831-4323-A217-62D828BF4EEA}.Debug|Any CPU.Build.0 = Debug|Any CPU
		{88F3765B-0831-4323-A217-62D828BF4EEA}.Release|Any CPU.ActiveCfg = Release|Any CPU
		{88F3765B-0831-4323-A217-62D828BF4EEA}.Release|Any CPU.Build.0 = Release|Any CPU
		{224E2A8B-4C40-4C33-85B8-CD434A57C96E}.Debug|Any CPU.ActiveCfg = Debug|Any CPU
		{224E2A8B-4C40-4C33-85B8-CD434A57C96E}.Debug|Any CPU.Build.0 = Debug|Any CPU
		{224E2A8B-4C40-4C33-85B8-CD434A57C96E}.Release|Any CPU.ActiveCfg = Release|Any CPU
		{224E2A8B-4C40-4C33-85B8-CD434A57C96E}.Release|Any CPU.Build.0 = Release|Any CPU
	EndGlobalSection
	GlobalSection(SolutionProperties) = preSolution
		HideSolutionNode = FALSE
	EndGlobalSection
	GlobalSection(ExtensibilityGlobals) = postSolution
		SolutionGuid = {3A51E7BE-6EBF-470D-A3BF-DA019CC970AD}
	EndGlobalSection
EndGlobal
